
Microsoft Visual Studio Solution File, Format Version 12.00
# Visual Studio Version 17
VisualStudioVersion = 17.4.33103.184
MinimumVisualStudioVersion = 10.0.40219.1
Project("{FAE04EC0-301F-11D3-BF4B-00C04F79EFBC}") = "MatchGame", "MatchGame.csproj", "{EADAD9F0-78AF-4276-86F1-AFCA969039AB}"
EndProject
Global
	GlobalSection(SolutionConfigurationPlatforms) = preSolution
		Debug|Any CPU = Debug|Any CPU
		Release|Any CPU = Release|Any CPU
	EndGlobalSection
	GlobalSection(ProjectConfigurationPlatforms) = postSolution
		{EADAD9F0-78AF-4276-86F1-AFCA969039AB}.Debug|Any CPU.ActiveCfg = Debug|Any CPU
		{EADAD9F0-78AF-4276-86F1-AFCA969039AB}.Debug|Any CPU.Build.0 = Debug|Any CPU
		{EADAD9F0-78AF-4276-86F1-AFCA969039AB}.Release|Any CPU.ActiveCfg = Release|Any CPU
		{EADAD9F0-78AF-4276-86F1-AFCA969039AB}.Release|Any CPU.Build.0 = Release|Any CPU
	EndGlobalSection
	GlobalSection(SolutionProperties) = preSolution
		HideSolutionNode = FALSE
	EndGlobalSection
	GlobalSection(ExtensibilityGlobals) = postSolution
		SolutionGuid = {2F3D8118-039A-4748-B1CC-5209F6595952}
	EndGlobalSection
EndGlobal
